# Generated by pub
# See http://pub.dartlang.org/doc/glossary.html#lockfile
packages:
  analyzer:
    description: analyzer
    source: hosted
    version: "0.15.7"
  args:
    description: args
    source: hosted
    version: "0.11.0+1"
  browser:
    description: browser
    source: hosted
    version: "0.10.0+2"
  collection:
    description: collection
    source: hosted
    version: "0.9.4"
  crypto:
    description: crypto
    source: hosted
    version: "0.9.0"
  http:
    description: http
    source: hosted
    version: "0.11.1+1"
  http_parser:
    description: http_parser
    source: hosted
    version: "0.0.2+3"
  intl:
    description: intl
    source: hosted
    version: "0.11.0"
  libld:
    description:
      ref: master
      resolved-ref: "096d0c4cbdc335b11dd15f59f6e0222c4f7f0ca8"
      url: "https://github.com/ChildrenOfUr/libld.git"
    source: git
    version: "1.1.5"
  logging:
    description: logging
    source: hosted
    version: "0.9.1+1"
  path:
    description: path
    source: hosted
    version: "1.2.1"
  pump:
    description:
      ref: master
      resolved-ref: "2ab606e3fd0275b2d55bf207f880c798f0eda626"
      url: "https://github.com/darkkiero/pump.git"
    source: git
    version: "0.0.3"
  scproxy:
    description:
      ref: master
      resolved-ref: a9566ddacbd437ab2429f8127e73b7dcbd806666
      url: "https://github.com/darkkiero/scproxy.git"
    source: git
    version: "1.0.0"
  slack:
    description:
      ref: master
      resolved-ref: "3691c4085cd65a52a1e5e0d83b688a49c5c6bd25"
      url: "https://github.com/ChildrenOfUr/dart-slack.git"
    source: git
    version: "1.0.1"
  source_maps:
    description: source_maps
    source: hosted
    version: "0.9.2+3"
  stack_trace:
    description: stack_trace
    source: hosted
    version: "1.0.2"
  string_scanner:
    description: string_scanner
    source: hosted
    version: "0.0.3"
